// !$*UTF8*$!
{
	archiveVersion = 1;
	classes = {
	};
	objectVersion = 51;
	objects = {

/* Begin PBXBuildFile section */
		32C296DFA4BE5EAB526BB747 /* Pods_Productivity_App.framework in Frameworks */ = {isa = PBXBuildFile; fileRef = 5829B5130E3A13DF6CFC7FF6 /* Pods_Productivity_App.framework */; };
		A21B8CFE22CA459300711B32 /* MenuViewController.swift in Sources */ = {isa = PBXBuildFile; fileRef = A21B8CFD22CA459300711B32 /* MenuViewController.swift */; };
		A21B8D0122CA632400711B32 /* MenuItemCell.xib in Resources */ = {isa = PBXBuildFile; fileRef = A21B8D0022CA632400711B32 /* MenuItemCell.xib */; };
		A21B8D0322CA647D00711B32 /* CustomMenuItemCell.swift in Sources */ = {isa = PBXBuildFile; fileRef = A21B8D0222CA647D00711B32 /* CustomMenuItemCell.swift */; };
		A21B8D0522CA94F900711B32 /* CalendarViewController.swift in Sources */ = {isa = PBXBuildFile; fileRef = A21B8D0422CA94F900711B32 /* CalendarViewController.swift */; };
		A226398E22B545DF00EFF67D /* AppDelegate.swift in Sources */ = {isa = PBXBuildFile; fileRef = A226398D22B545DF00EFF67D /* AppDelegate.swift */; };
		A226399022B545DF00EFF67D /* WelcomeViewController.swift in Sources */ = {isa = PBXBuildFile; fileRef = A226398F22B545DF00EFF67D /* WelcomeViewController.swift */; };
		A226399322B545DF00EFF67D /* Main.storyboard in Resources */ = {isa = PBXBuildFile; fileRef = A226399122B545DF00EFF67D /* Main.storyboard */; };
		A226399522B545DF00EFF67D /* Assets.xcassets in Resources */ = {isa = PBXBuildFile; fileRef = A226399422B545DF00EFF67D /* Assets.xcassets */; };
		A226399822B545DF00EFF67D /* LaunchScreen.storyboard in Resources */ = {isa = PBXBuildFile; fileRef = A226399622B545DF00EFF67D /* LaunchScreen.storyboard */; };
		A28D7A9522C5C241006E76CD /* RegisterViewController.swift in Sources */ = {isa = PBXBuildFile; fileRef = A28D7A9422C5C241006E76CD /* RegisterViewController.swift */; };
		A28D7A9722C5C24F006E76CD /* LoginViewController.swift in Sources */ = {isa = PBXBuildFile; fileRef = A28D7A9622C5C24F006E76CD /* LoginViewController.swift */; };
		A28D7A9D22C66530006E76CD /* GoogleService-Info.plist in Resources */ = {isa = PBXBuildFile; fileRef = A28D7A9C22C66530006E76CD /* GoogleService-Info.plist */; };
		A28D7A9F22C66B5B006E76CD /* ToDoListViewController.swift in Sources */ = {isa = PBXBuildFile; fileRef = A28D7A9E22C66B5B006E76CD /* ToDoListViewController.swift */; };
/* End PBXBuildFile section */

/* Begin PBXFileReference section */
		1DF29746C9F060907D832914 /* Pods-Productivity App.debug.xcconfig */ = {isa = PBXFileReference; includeInIndex = 1; lastKnownFileType = text.xcconfig; name = "Pods-Productivity App.debug.xcconfig"; path = "Target Support Files/Pods-Productivity App/Pods-Productivity App.debug.xcconfig"; sourceTree = "<group>"; };
		5829B5130E3A13DF6CFC7FF6 /* Pods_Productivity_App.framework */ = {isa = PBXFileReference; explicitFileType = wrapper.framework; includeInIndex = 0; path = Pods_Productivity_App.framework; sourceTree = BUILT_PRODUCTS_DIR; };
		A21B8CFD22CA459300711B32 /* MenuViewController.swift */ = {isa = PBXFileReference; lastKnownFileType = sourcecode.swift; path = MenuViewController.swift; sourceTree = "<group>"; };
		A21B8D0022CA632400711B32 /* MenuItemCell.xib */ = {isa = PBXFileReference; lastKnownFileType = file.xib; path = MenuItemCell.xib; sourceTree = "<group>"; };
		A21B8D0222CA647D00711B32 /* CustomMenuItemCell.swift */ = {isa = PBXFileReference; lastKnownFileType = sourcecode.swift; path = CustomMenuItemCell.swift; sourceTree = "<group>"; };
		A21B8D0422CA94F900711B32 /* CalendarViewController.swift */ = {isa = PBXFileReference; lastKnownFileType = sourcecode.swift; path = CalendarViewController.swift; sourceTree = "<group>"; };
		A226398A22B545DF00EFF67D /* Productivity App.app */ = {isa = PBXFileReference; explicitFileType = wrapper.application; includeInIndex = 0; path = "Productivity App.app"; sourceTree = BUILT_PRODUCTS_DIR; };
		A226398D22B545DF00EFF67D /* AppDelegate.swift */ = {isa = PBXFileReference; lastKnownFileType = sourcecode.swift; path = AppDelegate.swift; sourceTree = "<group>"; };
		A226398F22B545DF00EFF67D /* WelcomeViewController.swift */ = {isa = PBXFileReference; lastKnownFileType = sourcecode.swift; path = WelcomeViewController.swift; sourceTree = "<group>"; };
		A226399222B545DF00EFF67D /* Base */ = {isa = PBXFileReference; lastKnownFileType = file.storyboard; name = Base; path = Base.lproj/Main.storyboard; sourceTree = "<group>"; };
		A226399422B545DF00EFF67D /* Assets.xcassets */ = {isa = PBXFileReference; lastKnownFileType = folder.assetcatalog; path = Assets.xcassets; sourceTree = "<group>"; };
		A226399722B545DF00EFF67D /* Base */ = {isa = PBXFileReference; lastKnownFileType = file.storyboard; name = Base; path = Base.lproj/LaunchScreen.storyboard; sourceTree = "<group>"; };
		A226399922B545DF00EFF67D /* Info.plist */ = {isa = PBXFileReference; lastKnownFileType = text.plist.xml; path = Info.plist; sourceTree = "<group>"; };
		A28D7A9422C5C241006E76CD /* RegisterViewController.swift */ = {isa = PBXFileReference; lastKnownFileType = sourcecode.swift; path = RegisterViewController.swift; sourceTree = "<group>"; };
		A28D7A9622C5C24F006E76CD /* LoginViewController.swift */ = {isa = PBXFileReference; lastKnownFileType = sourcecode.swift; path = LoginViewController.swift; sourceTree = "<group>"; };
		A28D7A9C22C66530006E76CD /* GoogleService-Info.plist */ = {isa = PBXFileReference; fileEncoding = 4; lastKnownFileType = text.plist.xml; path = "GoogleService-Info.plist"; sourceTree = "<group>"; };
		A28D7A9E22C66B5B006E76CD /* ToDoListViewController.swift */ = {isa = PBXFileReference; lastKnownFileType = sourcecode.swift; path = ToDoListViewController.swift; sourceTree = "<group>"; };
		B1CE6EDC0EABEAC98588AD9A /* Pods-Productivity App.release.xcconfig */ = {isa = PBXFileReference; includeInIndex = 1; lastKnownFileType = text.xcconfig; name = "Pods-Productivity App.release.xcconfig"; path = "Target Support Files/Pods-Productivity App/Pods-Productivity App.release.xcconfig"; sourceTree = "<group>"; };
/* End PBXFileReference section */

/* Begin PBXFrameworksBuildPhase section */
		A226398722B545DF00EFF67D /* Frameworks */ = {
			isa = PBXFrameworksBuildPhase;
			buildActionMask = 2147483647;
			files = (
				32C296DFA4BE5EAB526BB747 /* Pods_Productivity_App.framework in Frameworks */,
			);
			runOnlyForDeploymentPostprocessing = 0;
		};
/* End PBXFrameworksBuildPhase section */

/* Begin PBXGroup section */
		18CDF7FDB4551BC6995A82F4 /* Frameworks */ = {
			isa = PBXGroup;
			children = (
				5829B5130E3A13DF6CFC7FF6 /* Pods_Productivity_App.framework */,
			);
			name = Frameworks;
			sourceTree = "<group>";
		};
		7AF27C66401A9DF1EAC2D842 /* Pods */ = {
			isa = PBXGroup;
			children = (
				1DF29746C9F060907D832914 /* Pods-Productivity App.debug.xcconfig */,
				B1CE6EDC0EABEAC98588AD9A /* Pods-Productivity App.release.xcconfig */,
			);
			path = Pods;
			sourceTree = "<group>";
		};
		A21B8CFF22CA62C300711B32 /* Custom Cell */ = {
			isa = PBXGroup;
			children = (
				A21B8D0022CA632400711B32 /* MenuItemCell.xib */,
				A21B8D0222CA647D00711B32 /* CustomMenuItemCell.swift */,
			);
			path = "Custom Cell";
			sourceTree = "<group>";
		};
		A226398122B545DF00EFF67D = {
			isa = PBXGroup;
			children = (
				A226398C22B545DF00EFF67D /* Productivity App */,
				A226398B22B545DF00EFF67D /* Products */,
				7AF27C66401A9DF1EAC2D842 /* Pods */,
				18CDF7FDB4551BC6995A82F4 /* Frameworks */,
			);
			sourceTree = "<group>";
		};
		A226398B22B545DF00EFF67D /* Products */ = {
			isa = PBXGroup;
			children = (
				A226398A22B545DF00EFF67D /* Productivity App.app */,
			);
			name = Products;
			sourceTree = "<group>";
		};
		A226398C22B545DF00EFF67D /* Productivity App */ = {
			isa = PBXGroup;
			children = (
				A226399F22B545F600EFF67D /* Controller */,
				A22639A022B5460700EFF67D /* View */,
				A226399422B545DF00EFF67D /* Assets.xcassets */,
				A226399922B545DF00EFF67D /* Info.plist */,
				A28D7A9C22C66530006E76CD /* GoogleService-Info.plist */,
			);
			path = "Productivity App";
			sourceTree = "<group>";
		};
		A226399F22B545F600EFF67D /* Controller */ = {
			isa = PBXGroup;
			children = (
				A226398D22B545DF00EFF67D /* AppDelegate.swift */,
				A226398F22B545DF00EFF67D /* WelcomeViewController.swift */,
				A28D7A9422C5C241006E76CD /* RegisterViewController.swift */,
				A28D7A9622C5C24F006E76CD /* LoginViewController.swift */,
				A28D7A9E22C66B5B006E76CD /* ToDoListViewController.swift */,
				A21B8CFD22CA459300711B32 /* MenuViewController.swift */,
				A21B8D0422CA94F900711B32 /* CalendarViewController.swift */,
			);
			path = Controller;
			sourceTree = "<group>";
		};
		A22639A022B5460700EFF67D /* View */ = {
			isa = PBXGroup;
			children = (
				A21B8CFF22CA62C300711B32 /* Custom Cell */,
				A226399622B545DF00EFF67D /* LaunchScreen.storyboard */,
				A226399122B545DF00EFF67D /* Main.storyboard */,
			);
			path = View;
			sourceTree = "<group>";
		};
/* End PBXGroup section */

/* Begin PBXNativeTarget section */
		A226398922B545DF00EFF67D /* Productivity App */ = {
			isa = PBXNativeTarget;
			buildConfigurationList = A226399C22B545DF00EFF67D /* Build configuration list for PBXNativeTarget "Productivity App" */;
			buildPhases = (
				913A8A134FCADC97BEFA2848 /* [CP] Check Pods Manifest.lock */,
				A226398622B545DF00EFF67D /* Sources */,
				A226398722B545DF00EFF67D /* Frameworks */,
				A226398822B545DF00EFF67D /* Resources */,
				F3C1132F20851E637F0D26B9 /* [CP] Embed Pods Frameworks */,
			);
			buildRules = (
			);
			dependencies = (
			);
			name = "Productivity App";
			productName = "Productivity App";
			productReference = A226398A22B545DF00EFF67D /* Productivity App.app */;
			productType = "com.apple.product-type.application";
		};
/* End PBXNativeTarget section */

/* Begin PBXProject section */
		A226398222B545DF00EFF67D /* Project object */ = {
			isa = PBXProject;
			attributes = {
				LastSwiftUpdateCheck = 1020;
				LastUpgradeCheck = 1020;
				ORGANIZATIONNAME = "Grant Brooks";
				TargetAttributes = {
					A226398922B545DF00EFF67D = {
						CreatedOnToolsVersion = 10.2.1;
					};
				};
			};
			buildConfigurationList = A226398522B545DF00EFF67D /* Build configuration list for PBXProject "Productivity App" */;
			compatibilityVersion = "Xcode 9.3";
			developmentRegion = en;
			hasScannedForEncodings = 0;
			knownRegions = (
				en,
				Base,
			);
			mainGroup = A226398122B545DF00EFF67D;
			productRefGroup = A226398B22B545DF00EFF67D /* Products */;
			projectDirPath = "";
			projectRoot = "";
			targets = (
				A226398922B545DF00EFF67D /* Productivity App */,
			);
		};
/* End PBXProject section */

/* Begin PBXResourcesBuildPhase section */
		A226398822B545DF00EFF67D /* Resources */ = {
			isa = PBXResourcesBuildPhase;
			buildActionMask = 2147483647;
			files = (
				A226399822B545DF00EFF67D /* LaunchScreen.storyboard in Resources */,
				A21B8D0122CA632400711B32 /* MenuItemCell.xib in Resources */,
				A28D7A9D22C66530006E76CD /* GoogleService-Info.plist in Resources */,
				A226399522B545DF00EFF67D /* Assets.xcassets in Resources */,
				A226399322B545DF00EFF67D /* Main.storyboard in Resources */,
			);
			runOnlyForDeploymentPostprocessing = 0;
		};
/* End PBXResourcesBuildPhase section */

/* Begin PBXShellScriptBuildPhase section */
		913A8A134FCADC97BEFA2848 /* [CP] Check Pods Manifest.lock */ = {
			isa = PBXShellScriptBuildPhase;
			buildActionMask = 2147483647;
			files = (
			);
			inputFileListPaths = (
			);
			inputPaths = (
				"${PODS_PODFILE_DIR_PATH}/Podfile.lock",
				"${PODS_ROOT}/Manifest.lock",
			);
			name = "[CP] Check Pods Manifest.lock";
			outputFileListPaths = (
			);
			outputPaths = (
				"$(DERIVED_FILE_DIR)/Pods-Productivity App-checkManifestLockResult.txt",
			);
			runOnlyForDeploymentPostprocessing = 0;
			shellPath = /bin/sh;
			shellScript = "diff \"${PODS_PODFILE_DIR_PATH}/Podfile.lock\" \"${PODS_ROOT}/Manifest.lock\" > /dev/null\nif [ $? != 0 ] ; then\n    # print error to STDERR\n    echo \"error: The sandbox is not in sync with the Podfile.lock. Run 'pod install' or update your CocoaPods installation.\" >&2\n    exit 1\nfi\n# This output is used by Xcode 'outputs' to avoid re-running this script phase.\necho \"SUCCESS\" > \"${SCRIPT_OUTPUT_FILE_0}\"\n";
			showEnvVarsInLog = 0;
		};
		F3C1132F20851E637F0D26B9 /* [CP] Embed Pods Frameworks */ = {
			isa = PBXShellScriptBuildPhase;
			buildActionMask = 2147483647;
			files = (
			);
			inputFileListPaths = (
				"${PODS_ROOT}/Target Support Files/Pods-Productivity App/Pods-Productivity App-frameworks-${CONFIGURATION}-input-files.xcfilelist",
			);
			name = "[CP] Embed Pods Frameworks";
			outputFileListPaths = (
				"${PODS_ROOT}/Target Support Files/Pods-Productivity App/Pods-Productivity App-frameworks-${CONFIGURATION}-output-files.xcfilelist",
			);
			runOnlyForDeploymentPostprocessing = 0;
			shellPath = /bin/sh;
			shellScript = "\"${PODS_ROOT}/Target Support Files/Pods-Productivity App/Pods-Productivity App-frameworks.sh\"\n";
			showEnvVarsInLog = 0;
		};
/* End PBXShellScriptBuildPhase section */

/* Begin PBXSourcesBuildPhase section */
		A226398622B545DF00EFF67D /* Sources */ = {
			isa = PBXSourcesBuildPhase;
			buildActionMask = 2147483647;
			files = (
				A21B8D0522CA94F900711B32 /* CalendarViewController.swift in Sources */,
				A28D7A9722C5C24F006E76CD /* LoginViewController.swift in Sources */,
				A21B8CFE22CA459300711B32 /* MenuViewController.swift in Sources */,
				A21B8D0322CA647D00711B32 /* CustomMenuItemCell.swift in Sources */,
				A28D7A9522C5C241006E76CD /* RegisterViewController.swift in Sources */,
				A226399022B545DF00EFF67D /* WelcomeViewController.swift in Sources */,
				A28D7A9F22C66B5B006E76CD /* ToDoListViewController.swift in Sources */,
				A226398E22B545DF00EFF67D /* AppDelegate.swift in Sources */,
			);
			runOnlyForDeploymentPostprocessing = 0;
		};
/* End PBXSourcesBuildPhase section */

/* Begin PBXVariantGroup section */
		A226399122B545DF00EFF67D /* Main.storyboard */ = {
			isa = PBXVariantGroup;
			children = (
				A226399222B545DF00EFF67D /* Base */,
			);
			name = Main.storyboard;
			sourceTree = "<group>";
		};
		A226399622B545DF00EFF67D /* LaunchScreen.storyboard */ = {
			isa = PBXVariantGroup;
			children = (
				A226399722B545DF00EFF67D /* Base */,
			);
			name = LaunchScreen.storyboard;
			sourceTree = "<group>";
		};
/* End PBXVariantGroup section */

/* Begin XCBuildConfiguration section */
		A226399A22B545DF00EFF67D /* Debug */ = {
			isa = XCBuildConfiguration;
			buildSettings = {
				ALWAYS_SEARCH_USER_PATHS = NO;
				CLANG_ANALYZER_NONNULL = YES;
				CLANG_ANALYZER_NUMBER_OBJECT_CONVERSION = YES_AGGRESSIVE;
				CLANG_CXX_LANGUAGE_STANDARD = "gnu++14";
				CLANG_CXX_LIBRARY = "libc++";
				CLANG_ENABLE_MODULES = YES;
				CLANG_ENABLE_OBJC_ARC = YES;
				CLANG_ENABLE_OBJC_WEAK = YES;
				CLANG_WARN_BLOCK_CAPTURE_AUTORELEASING = YES;
				CLANG_WARN_BOOL_CONVERSION = YES;
				CLANG_WARN_COMMA = YES;
				CLANG_WARN_CONSTANT_CONVERSION = YES;
				CLANG_WARN_DEPRECATED_OBJC_IMPLEMENTATIONS = YES;
				CLANG_WARN_DIRECT_OBJC_ISA_USAGE = YES_ERROR;
				CLANG_WARN_DOCUMENTATION_COMMENTS = YES;
				CLANG_WARN_EMPTY_BODY = YES;
				CLANG_WARN_ENUM_CONVERSION = YES;
				CLANG_WARN_INFINITE_RECURSION = YES;
				CLANG_WARN_INT_CONVERSION = YES;
				CLANG_WARN_NON_LITERAL_NULL_CONVERSION = YES;
				CLANG_WARN_OBJC_IMPLICIT_RETAIN_SELF = YES;
				CLANG_WARN_OBJC_LITERAL_CONVERSION = YES;
				CLANG_WARN_OBJC_ROOT_CLASS = YES_ERROR;
				CLANG_WARN_RANGE_LOOP_ANALYSIS = YES;
				CLANG_WARN_STRICT_PROTOTYPES = YES;
				CLANG_WARN_SUSPICIOUS_MOVE = YES;
				CLANG_WARN_UNGUARDED_AVAILABILITY = YES_AGGRESSIVE;
				CLANG_WARN_UNREACHABLE_CODE = YES;
				CLANG_WARN__DUPLICATE_METHOD_MATCH = YES;
				CODE_SIGN_IDENTITY = "iPhone Developer";
				COPY_PHASE_STRIP = NO;
				DEBUG_INFORMATION_FORMAT = dwarf;
				ENABLE_STRICT_OBJC_MSGSEND = YES;
				ENABLE_TESTABILITY = YES;
				GCC_C_LANGUAGE_STANDARD = gnu11;
				GCC_DYNAMIC_NO_PIC = NO;
				GCC_NO_COMMON_BLOCKS = YES;
				GCC_OPTIMIZATION_LEVEL = 0;
				GCC_PREPROCESSOR_DEFINITIONS = (
					"DEBUG=1",
					"$(inherited)",
				);
				GCC_WARN_64_TO_32_BIT_CONVERSION = YES;
				GCC_WARN_ABOUT_RETURN_TYPE = YES_ERROR;
				GCC_WARN_UNDECLARED_SELECTOR = YES;
				GCC_WARN_UNINITIALIZED_AUTOS = YES_AGGRESSIVE;
				GCC_WARN_UNUSED_FUNCTION = YES;
				GCC_WARN_UNUSED_VARIABLE = YES;
				IPHONEOS_DEPLOYMENT_TARGET = 12.2;
				MTL_ENABLE_DEBUG_INFO = INCLUDE_SOURCE;
				MTL_FAST_MATH = YES;
				ONLY_ACTIVE_ARCH = YES;
				SDKROOT = iphoneos;
				SWIFT_ACTIVE_COMPILATION_CONDITIONS = DEBUG;
				SWIFT_OPTIMIZATION_LEVEL = "-Onone";
			};
			name = Debug;
		};
		A226399B22B545DF00EFF67D /* Release */ = {
			isa = XCBuildConfiguration;
			buildSettings = {
				ALWAYS_SEARCH_USER_PATHS = NO;
				CLANG_ANALYZER_NONNULL = YES;
				CLANG_ANALYZER_NUMBER_OBJECT_CONVERSION = YES_AGGRESSIVE;
				CLANG_CXX_LANGUAGE_STANDARD = "gnu++14";
				CLANG_CXX_LIBRARY = "libc++";
				CLANG_ENABLE_MODULES = YES;
				CLANG_ENABLE_OBJC_ARC = YES;
				CLANG_ENABLE_OBJC_WEAK = YES;
				CLANG_WARN_BLOCK_CAPTURE_AUTORELEASING = YES;
				CLANG_WARN_BOOL_CONVERSION = YES;
				CLANG_WARN_COMMA = YES;
				CLANG_WARN_CONSTANT_CONVERSION = YES;
				CLANG_WARN_DEPRECATED_OBJC_IMPLEMENTATIONS = YES;
				CLANG_WARN_DIRECT_OBJC_ISA_USAGE = YES_ERROR;
				CLANG_WARN_DOCUMENTATION_COMMENTS = YES;
				CLANG_WARN_EMPTY_BODY = YES;
				CLANG_WARN_ENUM_CONVERSION = YES;
				CLANG_WARN_INFINITE_RECURSION = YES;
				CLANG_WARN_INT_CONVERSION = YES;
				CLANG_WARN_NON_LITERAL_NULL_CONVERSION = YES;
				CLANG_WARN_OBJC_IMPLICIT_RETAIN_SELF = YES;
				CLANG_WARN_OBJC_LITERAL_CONVERSION = YES;
				CLANG_WARN_OBJC_ROOT_CLASS = YES_ERROR;
				CLANG_WARN_RANGE_LOOP_ANALYSIS = YES;
				CLANG_WARN_STRICT_PROTOTYPES = YES;
				CLANG_WARN_SUSPICIOUS_MOVE = YES;
				CLANG_WARN_UNGUARDED_AVAILABILITY = YES_AGGRESSIVE;
				CLANG_WARN_UNREACHABLE_CODE = YES;
				CLANG_WARN__DUPLICATE_METHOD_MATCH = YES;
				CODE_SIGN_IDENTITY = "iPhone Developer";
				COPY_PHASE_STRIP = NO;
				DEBUG_INFORMATION_FORMAT = "dwarf-with-dsym";
				ENABLE_NS_ASSERTIONS = NO;
				ENABLE_STRICT_OBJC_MSGSEND = YES;
				GCC_C_LANGUAGE_STANDARD = gnu11;
				GCC_NO_COMMON_BLOCKS = YES;
				GCC_WARN_64_TO_32_BIT_CONVERSION = YES;
				GCC_WARN_ABOUT_RETURN_TYPE = YES_ERROR;
				GCC_WARN_UNDECLARED_SELECTOR = YES;
				GCC_WARN_UNINITIALIZED_AUTOS = YES_AGGRESSIVE;
				GCC_WARN_UNUSED_FUNCTION = YES;
				GCC_WARN_UNUSED_VARIABLE = YES;
				IPHONEOS_DEPLOYMENT_TARGET = 12.2;
				MTL_ENABLE_DEBUG_INFO = NO;
				MTL_FAST_MATH = YES;
				SDKROOT = iphoneos;
				SWIFT_COMPILATION_MODE = wholemodule;
				SWIFT_OPTIMIZATION_LEVEL = "-O";
				VALIDATE_PRODUCT = YES;
			};
			name = Release;
		};
		A226399D22B545DF00EFF67D /* Debug */ = {
			isa = XCBuildConfiguration;
			baseConfigurationReference = 1DF29746C9F060907D832914 /* Pods-Productivity App.debug.xcconfig */;
			buildSettings = {
				ASSETCATALOG_COMPILER_APPICON_NAME = AppIcon;
				CODE_SIGN_STYLE = Automatic;
				DEVELOPMENT_TEAM = J47QC7TVT7;
				INFOPLIST_FILE = "Productivity App/Info.plist";
				LD_RUNPATH_SEARCH_PATHS = (
					"$(inherited)",
					"@executable_path/Frameworks",
				);
				PRODUCT_BUNDLE_IDENTIFIER = "com.Grant-Brooks.Productivity-App";
				PRODUCT_NAME = "$(TARGET_NAME)";
				SWIFT_VERSION = 5.0;
				TARGETED_DEVICE_FAMILY = "1,2";
			};
			name = Debug;
		};
		A226399E22B545DF00EFF67D /* Release */ = {
			isa = XCBuildConfiguration;
			baseConfigurationReference = B1CE6EDC0EABEAC98588AD9A /* Pods-Productivity App.release.xcconfig */;
			buildSettings = {
				ASSETCATALOG_COMPILER_APPICON_NAME = AppIcon;
				CODE_SIGN_STYLE = Automatic;
				DEVELOPMENT_TEAM = J47QC7TVT7;
				INFOPLIST_FILE = "Productivity App/Info.plist";
				LD_RUNPATH_SEARCH_PATHS = (
					"$(inherited)",
					"@executable_path/Frameworks",
				);
				PRODUCT_BUNDLE_IDENTIFIER = "com.Grant-Brooks.Productivity-App";
				PRODUCT_NAME = "$(TARGET_NAME)";
				SWIFT_VERSION = 5.0;
				TARGETED_DEVICE_FAMILY = "1,2";
			};
			name = Release;
		};
/* End XCBuildConfiguration section */

/* Begin XCConfigurationList section */
		A226398522B545DF00EFF67D /* Build configuration list for PBXProject "Productivity App" */ = {
			isa = XCConfigurationList;
			buildConfigurations = (
				A226399A22B545DF00EFF67D /* Debug */,
				A226399B22B545DF00EFF67D /* Release */,
			);
			defaultConfigurationIsVisible = 0;
			defaultConfigurationName = Release;
		};
		A226399C22B545DF00EFF67D /* Build configuration list for PBXNativeTarget "Productivity App" */ = {
			isa = XCConfigurationList;
			buildConfigurations = (
				A226399D22B545DF00EFF67D /* Debug */,
				A226399E22B545DF00EFF67D /* Release */,
			);
			defaultConfigurationIsVisible = 0;
			defaultConfigurationName = Release;
		};
/* End XCConfigurationList section */
	};
	rootObject = A226398222B545DF00EFF67D /* Project object */;
}
